
Microsoft Visual Studio Solution File, Format Version 12.00
# Visual Studio Version 16
VisualStudioVersion = 16.0.30804.86
MinimumVisualStudioVersion = 10.0.40219.1
Project("{FAE04EC0-301F-11D3-BF4B-00C04F79EFBC}") = "Valkirie.Client", "Valkirie.Client\Valkirie.Client.csproj", "{FA36ABB3-67E3-48B7-BB58-7ABF42929C41}"
EndProject
Global
	GlobalSection(SolutionConfigurationPlatforms) = preSolution
		Debug|Any CPU = Debug|Any CPU
		Release|Any CPU = Release|Any CPU
	EndGlobalSection
	GlobalSection(ProjectConfigurationPlatforms) = postSolution
		{FA36ABB3-67E3-48B7-BB58-7ABF42929C41}.Debug|Any CPU.ActiveCfg = Debug|Any CPU
		{FA36ABB3-67E3-48B7-BB58-7ABF42929C41}.Debug|Any CPU.Build.0 = Debug|Any CPU
		{FA36ABB3-67E3-48B7-BB58-7ABF42929C41}.Release|Any CPU.ActiveCfg = Release|Any CPU
		{FA36ABB3-67E3-48B7-BB58-7ABF42929C41}.Release|Any CPU.Build.0 = Release|Any CPU
	EndGlobalSection
	GlobalSection(SolutionProperties) = preSolution
		HideSolutionNode = FALSE
	EndGlobalSection
	GlobalSection(ExtensibilityGlobals) = postSolution
		SolutionGuid = {9C39D355-C88B-4181-AA39-3127A991A674}
	EndGlobalSection
EndGlobal
